// !$*UTF8*$!
{
	archiveVersion = 1;
	classes = {
	};
	objectVersion = 46;
	objects = {

/* Begin PBXBuildFile section */
		609CA86118F5A0BA00224CF5 /* Foundation.framework in Frameworks */ = {isa = PBXBuildFile; fileRef = 609CA86018F5A0BA00224CF5 /* Foundation.framework */; };
		609CA86318F5A0BA00224CF5 /* CoreGraphics.framework in Frameworks */ = {isa = PBXBuildFile; fileRef = 609CA86218F5A0BA00224CF5 /* CoreGraphics.framework */; };
		609CA86518F5A0BA00224CF5 /* UIKit.framework in Frameworks */ = {isa = PBXBuildFile; fileRef = 609CA86418F5A0BA00224CF5 /* UIKit.framework */; };
		609CA86B18F5A0BA00224CF5 /* InfoPlist.strings in Resources */ = {isa = PBXBuildFile; fileRef = 609CA86918F5A0BA00224CF5 /* InfoPlist.strings */; };
		609CA86D18F5A0BA00224CF5 /* main.m in Sources */ = {isa = PBXBuildFile; fileRef = 609CA86C18F5A0BA00224CF5 /* main.m */; };
		609CA87118F5A0BA00224CF5 /* AppDelegate.m in Sources */ = {isa = PBXBuildFile; fileRef = 609CA87018F5A0BA00224CF5 /* AppDelegate.m */; };
		609CA87318F5A0BA00224CF5 /* Images.xcassets in Resources */ = {isa = PBXBuildFile; fileRef = 609CA87218F5A0BA00224CF5 /* Images.xcassets */; };
		609CA87A18F5A0BA00224CF5 /* XCTest.framework in Frameworks */ = {isa = PBXBuildFile; fileRef = 609CA87918F5A0BA00224CF5 /* XCTest.framework */; };
		609CA87B18F5A0BA00224CF5 /* Foundation.framework in Frameworks */ = {isa = PBXBuildFile; fileRef = 609CA86018F5A0BA00224CF5 /* Foundation.framework */; };
		609CA87C18F5A0BA00224CF5 /* UIKit.framework in Frameworks */ = {isa = PBXBuildFile; fileRef = 609CA86418F5A0BA00224CF5 /* UIKit.framework */; };
		609CA88418F5A0BA00224CF5 /* InfoPlist.strings in Resources */ = {isa = PBXBuildFile; fileRef = 609CA88218F5A0BA00224CF5 /* InfoPlist.strings */; };
		609CA88618F5A0BA00224CF5 /* JSONMapperTests.m in Sources */ = {isa = PBXBuildFile; fileRef = 609CA88518F5A0BA00224CF5 /* JSONMapperTests.m */; };
		609CA8E918F5A4BF00224CF5 /* NSObject+KVCSerializer.m in Sources */ = {isa = PBXBuildFile; fileRef = 609CA8E818F5A4BF00224CF5 /* NSObject+KVCSerializer.m */; };
		609CA8EB18F5AD1D00224CF5 /* CoreData.framework in Frameworks */ = {isa = PBXBuildFile; fileRef = 609CA8EA18F5AD1D00224CF5 /* CoreData.framework */; };
		609CA92918F5AD7400224CF5 /* MagicalImportFunctions.m in Sources */ = {isa = PBXBuildFile; fileRef = 609CA8F018F5AD7400224CF5 /* MagicalImportFunctions.m */; };
		609CA92A18F5AD7400224CF5 /* NSAttributeDescription+MagicalDataImport.m in Sources */ = {isa = PBXBuildFile; fileRef = 609CA8F218F5AD7400224CF5 /* NSAttributeDescription+MagicalDataImport.m */; };
		609CA92B18F5AD7400224CF5 /* NSEntityDescription+MagicalDataImport.m in Sources */ = {isa = PBXBuildFile; fileRef = 609CA8F418F5AD7400224CF5 /* NSEntityDescription+MagicalDataImport.m */; };
		609CA92C18F5AD7400224CF5 /* NSNumber+MagicalDataImport.m in Sources */ = {isa = PBXBuildFile; fileRef = 609CA8F618F5AD7400224CF5 /* NSNumber+MagicalDataImport.m */; };
		609CA92D18F5AD7400224CF5 /* NSObject+MagicalDataImport.m in Sources */ = {isa = PBXBuildFile; fileRef = 609CA8F818F5AD7400224CF5 /* NSObject+MagicalDataImport.m */; };
		609CA92E18F5AD7400224CF5 /* NSRelationshipDescription+MagicalDataImport.m in Sources */ = {isa = PBXBuildFile; fileRef = 609CA8FA18F5AD7400224CF5 /* NSRelationshipDescription+MagicalDataImport.m */; };
		609CA92F18F5AD7400224CF5 /* NSString+MagicalDataImport.m in Sources */ = {isa = PBXBuildFile; fileRef = 609CA8FC18F5AD7400224CF5 /* NSString+MagicalDataImport.m */; };
		609CA93018F5AD7400224CF5 /* NSManagedObject+MagicalAggregation.m in Sources */ = {isa = PBXBuildFile; fileRef = 609CA8FF18F5AD7400224CF5 /* NSManagedObject+MagicalAggregation.m */; };
		609CA93118F5AD7400224CF5 /* NSManagedObject+MagicalDataImport.m in Sources */ = {isa = PBXBuildFile; fileRef = 609CA90118F5AD7400224CF5 /* NSManagedObject+MagicalDataImport.m */; };
		609CA93218F5AD7400224CF5 /* NSManagedObject+MagicalFinders.m in Sources */ = {isa = PBXBuildFile; fileRef = 609CA90318F5AD7400224CF5 /* NSManagedObject+MagicalFinders.m */; };
		609CA93318F5AD7400224CF5 /* NSManagedObject+MagicalRecord.m in Sources */ = {isa = PBXBuildFile; fileRef = 609CA90518F5AD7400224CF5 /* NSManagedObject+MagicalRecord.m */; };
		609CA93418F5AD7400224CF5 /* NSManagedObject+MagicalRequests.m in Sources */ = {isa = PBXBuildFile; fileRef = 609CA90718F5AD7400224CF5 /* NSManagedObject+MagicalRequests.m */; };
		609CA93518F5AD7400224CF5 /* NSManagedObjectContext+MagicalObserving.m in Sources */ = {isa = PBXBuildFile; fileRef = 609CA90A18F5AD7400224CF5 /* NSManagedObjectContext+MagicalObserving.m */; };
		609CA93618F5AD7400224CF5 /* NSManagedObjectContext+MagicalRecord.m in Sources */ = {isa = PBXBuildFile; fileRef = 609CA90C18F5AD7400224CF5 /* NSManagedObjectContext+MagicalRecord.m */; };
		609CA93718F5AD7400224CF5 /* NSManagedObjectContext+MagicalSaves.m in Sources */ = {isa = PBXBuildFile; fileRef = 609CA90E18F5AD7400224CF5 /* NSManagedObjectContext+MagicalSaves.m */; };
		609CA93818F5AD7400224CF5 /* NSManagedObjectContext+MagicalThreading.m in Sources */ = {isa = PBXBuildFile; fileRef = 609CA91018F5AD7400224CF5 /* NSManagedObjectContext+MagicalThreading.m */; };
		609CA93918F5AD7400224CF5 /* NSManagedObjectModel+MagicalRecord.m in Sources */ = {isa = PBXBuildFile; fileRef = 609CA91218F5AD7400224CF5 /* NSManagedObjectModel+MagicalRecord.m */; };
		609CA93A18F5AD7400224CF5 /* NSPersistentStore+MagicalRecord.m in Sources */ = {isa = PBXBuildFile; fileRef = 609CA91418F5AD7400224CF5 /* NSPersistentStore+MagicalRecord.m */; };
		609CA93B18F5AD7400224CF5 /* NSPersistentStoreCoordinator+MagicalRecord.m in Sources */ = {isa = PBXBuildFile; fileRef = 609CA91618F5AD7400224CF5 /* NSPersistentStoreCoordinator+MagicalRecord.m */; };
		609CA93C18F5AD7400224CF5 /* MagicalRecord+Actions.m in Sources */ = {isa = PBXBuildFile; fileRef = 609CA91918F5AD7400224CF5 /* MagicalRecord+Actions.m */; };
		609CA93D18F5AD7400224CF5 /* MagicalRecord+ErrorHandling.m in Sources */ = {isa = PBXBuildFile; fileRef = 609CA91B18F5AD7400224CF5 /* MagicalRecord+ErrorHandling.m */; };
		609CA93E18F5AD7400224CF5 /* MagicalRecord+iCloud.m in Sources */ = {isa = PBXBuildFile; fileRef = 609CA91D18F5AD7400224CF5 /* MagicalRecord+iCloud.m */; };
		609CA93F18F5AD7400224CF5 /* MagicalRecord+Options.m in Sources */ = {isa = PBXBuildFile; fileRef = 609CA91F18F5AD7400224CF5 /* MagicalRecord+Options.m */; };
		609CA94018F5AD7400224CF5 /* MagicalRecord+Setup.m in Sources */ = {isa = PBXBuildFile; fileRef = 609CA92118F5AD7400224CF5 /* MagicalRecord+Setup.m */; };
		609CA94118F5AD7400224CF5 /* MagicalRecord+ShorthandSupport.m in Sources */ = {isa = PBXBuildFile; fileRef = 609CA92318F5AD7400224CF5 /* MagicalRecord+ShorthandSupport.m */; };
		609CA94218F5AD7400224CF5 /* MagicalRecord.m in Sources */ = {isa = PBXBuildFile; fileRef = 609CA92518F5AD7400224CF5 /* MagicalRecord.m */; };
		60E2066318F63D1D00FE8159 /* sample_json.txt in Resources */ = {isa = PBXBuildFile; fileRef = 60E2065518F63D1D00FE8159 /* sample_json.txt */; };
		60E2067818F63DE000FE8159 /* Glossary.m in Sources */ = {isa = PBXBuildFile; fileRef = 60E2066D18F63DE000FE8159 /* Glossary.m */; };
		60E2067918F63DE000FE8159 /* GlossDef.m in Sources */ = {isa = PBXBuildFile; fileRef = 60E2066F18F63DE000FE8159 /* GlossDef.m */; };
		60E2067A18F63DE000FE8159 /* GlossDiv.m in Sources */ = {isa = PBXBuildFile; fileRef = 60E2067118F63DE000FE8159 /* GlossDiv.m */; };
		60E2067B18F63DE000FE8159 /* GlossEntry.m in Sources */ = {isa = PBXBuildFile; fileRef = 60E2067318F63DE000FE8159 /* GlossEntry.m */; };
		60E2067C18F63DE000FE8159 /* GlossList.m in Sources */ = {isa = PBXBuildFile; fileRef = 60E2067518F63DE000FE8159 /* GlossList.m */; };
		60E2067D18F63DE000FE8159 /* ParentObject.m in Sources */ = {isa = PBXBuildFile; fileRef = 60E2067718F63DE000FE8159 /* ParentObject.m */; };
/* End PBXBuildFile section */

/* Begin PBXContainerItemProxy section */
		609CA87D18F5A0BA00224CF5 /* PBXContainerItemProxy */ = {
			isa = PBXContainerItemProxy;
			containerPortal = 609CA85518F5A0BA00224CF5 /* Project object */;
			proxyType = 1;
			remoteGlobalIDString = 609CA85C18F5A0BA00224CF5;
			remoteInfo = JSONMapper;
		};
/* End PBXContainerItemProxy section */

/* Begin PBXFileReference section */
		609CA85D18F5A0BA00224CF5 /* JSONMapper.app */ = {isa = PBXFileReference; explicitFileType = wrapper.application; includeInIndex = 0; path = JSONMapper.app; sourceTree = BUILT_PRODUCTS_DIR; };
		609CA86018F5A0BA00224CF5 /* Foundation.framework */ = {isa = PBXFileReference; lastKnownFileType = wrapper.framework; name = Foundation.framework; path = System/Library/Frameworks/Foundation.framework; sourceTree = SDKROOT; };
		609CA86218F5A0BA00224CF5 /* CoreGraphics.framework */ = {isa = PBXFileReference; lastKnownFileType = wrapper.framework; name = CoreGraphics.framework; path = System/Library/Frameworks/CoreGraphics.framework; sourceTree = SDKROOT; };
		609CA86418F5A0BA00224CF5 /* UIKit.framework */ = {isa = PBXFileReference; lastKnownFileType = wrapper.framework; name = UIKit.framework; path = System/Library/Frameworks/UIKit.framework; sourceTree = SDKROOT; };
		609CA86818F5A0BA00224CF5 /* JSONMapper-Info.plist */ = {isa = PBXFileReference; lastKnownFileType = text.plist.xml; path = "JSONMapper-Info.plist"; sourceTree = "<group>"; };
		609CA86A18F5A0BA00224CF5 /* en */ = {isa = PBXFileReference; lastKnownFileType = text.plist.strings; name = en; path = en.lproj/InfoPlist.strings; sourceTree = "<group>"; };
		609CA86C18F5A0BA00224CF5 /* main.m */ = {isa = PBXFileReference; lastKnownFileType = sourcecode.c.objc; path = main.m; sourceTree = "<group>"; };
		609CA86E18F5A0BA00224CF5 /* JSONMapper-Prefix.pch */ = {isa = PBXFileReference; lastKnownFileType = sourcecode.c.h; path = "JSONMapper-Prefix.pch"; sourceTree = "<group>"; };
		609CA86F18F5A0BA00224CF5 /* AppDelegate.h */ = {isa = PBXFileReference; lastKnownFileType = sourcecode.c.h; path = AppDelegate.h; sourceTree = "<group>"; };
		609CA87018F5A0BA00224CF5 /* AppDelegate.m */ = {isa = PBXFileReference; lastKnownFileType = sourcecode.c.objc; path = AppDelegate.m; sourceTree = "<group>"; };
		609CA87218F5A0BA00224CF5 /* Images.xcassets */ = {isa = PBXFileReference; lastKnownFileType = folder.assetcatalog; path = Images.xcassets; sourceTree = "<group>"; };
		609CA87818F5A0BA00224CF5 /* JSONMapperTests.xctest */ = {isa = PBXFileReference; explicitFileType = wrapper.cfbundle; includeInIndex = 0; path = JSONMapperTests.xctest; sourceTree = BUILT_PRODUCTS_DIR; };
		609CA87918F5A0BA00224CF5 /* XCTest.framework */ = {isa = PBXFileReference; lastKnownFileType = wrapper.framework; name = XCTest.framework; path = Library/Frameworks/XCTest.framework; sourceTree = DEVELOPER_DIR; };
		609CA88118F5A0BA00224CF5 /* JSONMapperTests-Info.plist */ = {isa = PBXFileReference; lastKnownFileType = text.plist.xml; path = "JSONMapperTests-Info.plist"; sourceTree = "<group>"; };
		609CA88318F5A0BA00224CF5 /* en */ = {isa = PBXFileReference; lastKnownFileType = text.plist.strings; name = en; path = en.lproj/InfoPlist.strings; sourceTree = "<group>"; };
		609CA88518F5A0BA00224CF5 /* JSONMapperTests.m */ = {isa = PBXFileReference; lastKnownFileType = sourcecode.c.objc; path = JSONMapperTests.m; sourceTree = "<group>"; };
		609CA8E718F5A4BF00224CF5 /* NSObject+KVCSerializer.h */ = {isa = PBXFileReference; fileEncoding = 4; lastKnownFileType = sourcecode.c.h; name = "NSObject+KVCSerializer.h"; path = "../../NativeObject/NSObject+KVCSerializer.h"; sourceTree = "<group>"; };
		609CA8E818F5A4BF00224CF5 /* NSObject+KVCSerializer.m */ = {isa = PBXFileReference; fileEncoding = 4; lastKnownFileType = sourcecode.c.objc; name = "NSObject+KVCSerializer.m"; path = "../../NativeObject/NSObject+KVCSerializer.m"; sourceTree = "<group>"; };
		609CA8EA18F5AD1D00224CF5 /* CoreData.framework */ = {isa = PBXFileReference; lastKnownFileType = wrapper.framework; name = CoreData.framework; path = System/Library/Frameworks/CoreData.framework; sourceTree = SDKROOT; };
		609CA8EF18F5AD7400224CF5 /* MagicalImportFunctions.h */ = {isa = PBXFileReference; fileEncoding = 4; lastKnownFileType = sourcecode.c.h; path = MagicalImportFunctions.h; sourceTree = "<group>"; };
		609CA8F018F5AD7400224CF5 /* MagicalImportFunctions.m */ = {isa = PBXFileReference; fileEncoding = 4; lastKnownFileType = sourcecode.c.objc; path = MagicalImportFunctions.m; sourceTree = "<group>"; };
		609CA8F118F5AD7400224CF5 /* NSAttributeDescription+MagicalDataImport.h */ = {isa = PBXFileReference; fileEncoding = 4; lastKnownFileType = sourcecode.c.h; path = "NSAttributeDescription+MagicalDataImport.h"; sourceTree = "<group>"; };
		609CA8F218F5AD7400224CF5 /* NSAttributeDescription+MagicalDataImport.m */ = {isa = PBXFileReference; fileEncoding = 4; lastKnownFileType = sourcecode.c.objc; path = "NSAttributeDescription+MagicalDataImport.m"; sourceTree = "<group>"; };
		609CA8F318F5AD7400224CF5 /* NSEntityDescription+MagicalDataImport.h */ = {isa = PBXFileReference; fileEncoding = 4; lastKnownFileType = sourcecode.c.h; path = "NSEntityDescription+MagicalDataImport.h"; sourceTree = "<group>"; };
		609CA8F418F5AD7400224CF5 /* NSEntityDescription+MagicalDataImport.m */ = {isa = PBXFileReference; fileEncoding = 4; lastKnownFileType = sourcecode.c.objc; path = "NSEntityDescription+MagicalDataImport.m"; sourceTree = "<group>"; };
		609CA8F518F5AD7400224CF5 /* NSNumber+MagicalDataImport.h */ = {isa = PBXFileReference; fileEncoding = 4; lastKnownFileType = sourcecode.c.h; path = "NSNumber+MagicalDataImport.h"; sourceTree = "<group>"; };
		609CA8F618F5AD7400224CF5 /* NSNumber+MagicalDataImport.m */ = {isa = PBXFileReference; fileEncoding = 4; lastKnownFileType = sourcecode.c.objc; path = "NSNumber+MagicalDataImport.m"; sourceTree = "<group>"; };
		609CA8F718F5AD7400224CF5 /* NSObject+MagicalDataImport.h */ = {isa = PBXFileReference; fileEncoding = 4; lastKnownFileType = sourcecode.c.h; path = "NSObject+MagicalDataImport.h"; sourceTree = "<group>"; };
		609CA8F818F5AD7400224CF5 /* NSObject+MagicalDataImport.m */ = {isa = PBXFileReference; fileEncoding = 4; lastKnownFileType = sourcecode.c.objc; path = "NSObject+MagicalDataImport.m"; sourceTree = "<group>"; };
		609CA8F918F5AD7400224CF5 /* NSRelationshipDescription+MagicalDataImport.h */ = {isa = PBXFileReference; fileEncoding = 4; lastKnownFileType = sourcecode.c.h; path = "NSRelationshipDescription+MagicalDataImport.h"; sourceTree = "<group>"; };
		609CA8FA18F5AD7400224CF5 /* NSRelationshipDescription+MagicalDataImport.m */ = {isa = PBXFileReference; fileEncoding = 4; lastKnownFileType = sourcecode.c.objc; path = "NSRelationshipDescription+MagicalDataImport.m"; sourceTree = "<group>"; };
		609CA8FB18F5AD7400224CF5 /* NSString+MagicalDataImport.h */ = {isa = PBXFileReference; fileEncoding = 4; lastKnownFileType = sourcecode.c.h; path = "NSString+MagicalDataImport.h"; sourceTree = "<group>"; };
		609CA8FC18F5AD7400224CF5 /* NSString+MagicalDataImport.m */ = {isa = PBXFileReference; fileEncoding = 4; lastKnownFileType = sourcecode.c.objc; path = "NSString+MagicalDataImport.m"; sourceTree = "<group>"; };
		609CA8FE18F5AD7400224CF5 /* NSManagedObject+MagicalAggregation.h */ = {isa = PBXFileReference; fileEncoding = 4; lastKnownFileType = sourcecode.c.h; path = "NSManagedObject+MagicalAggregation.h"; sourceTree = "<group>"; };
		609CA8FF18F5AD7400224CF5 /* NSManagedObject+MagicalAggregation.m */ = {isa = PBXFileReference; fileEncoding = 4; lastKnownFileType = sourcecode.c.objc; path = "NSManagedObject+MagicalAggregation.m"; sourceTree = "<group>"; };
		609CA90018F5AD7400224CF5 /* NSManagedObject+MagicalDataImport.h */ = {isa = PBXFileReference; fileEncoding = 4; lastKnownFileType = sourcecode.c.h; path = "NSManagedObject+MagicalDataImport.h"; sourceTree = "<group>"; };
		609CA90118F5AD7400224CF5 /* NSManagedObject+MagicalDataImport.m */ = {isa = PBXFileReference; fileEncoding = 4; lastKnownFileType = sourcecode.c.objc; path = "NSManagedObject+MagicalDataImport.m"; sourceTree = "<group>"; };
		609CA90218F5AD7400224CF5 /* NSManagedObject+MagicalFinders.h */ = {isa = PBXFileReference; fileEncoding = 4; lastKnownFileType = sourcecode.c.h; path = "NSManagedObject+MagicalFinders.h"; sourceTree = "<group>"; };
		609CA90318F5AD7400224CF5 /* NSManagedObject+MagicalFinders.m */ = {isa = PBXFileReference; fileEncoding = 4; lastKnownFileType = sourcecode.c.objc; path = "NSManagedObject+MagicalFinders.m"; sourceTree = "<group>"; };
		609CA90418F5AD7400224CF5 /* NSManagedObject+MagicalRecord.h */ = {isa = PBXFileReference; fileEncoding = 4; lastKnownFileType = sourcecode.c.h; path = "NSManagedObject+MagicalRecord.h"; sourceTree = "<group>"; };
		609CA90518F5AD7400224CF5 /* NSManagedObject+MagicalRecord.m */ = {isa = PBXFileReference; fileEncoding = 4; lastKnownFileType = sourcecode.c.objc; path = "NSManagedObject+MagicalRecord.m"; sourceTree = "<group>"; };
		609CA90618F5AD7400224CF5 /* NSManagedObject+MagicalRequests.h */ = {isa = PBXFileReference; fileEncoding = 4; lastKnownFileType = sourcecode.c.h; path = "NSManagedObject+MagicalRequests.h"; sourceTree = "<group>"; };
		609CA90718F5AD7400224CF5 /* NSManagedObject+MagicalRequests.m */ = {isa = PBXFileReference; fileEncoding = 4; lastKnownFileType = sourcecode.c.objc; path = "NSManagedObject+MagicalRequests.m"; sourceTree = "<group>"; };
		609CA90918F5AD7400224CF5 /* NSManagedObjectContext+MagicalObserving.h */ = {isa = PBXFileReference; fileEncoding = 4; lastKnownFileType = sourcecode.c.h; path = "NSManagedObjectContext+MagicalObserving.h"; sourceTree = "<group>"; };
		609CA90A18F5AD7400224CF5 /* NSManagedObjectContext+MagicalObserving.m */ = {isa = PBXFileReference; fileEncoding = 4; lastKnownFileType = sourcecode.c.objc; path = "NSManagedObjectContext+MagicalObserving.m"; sourceTree = "<group>"; };
		609CA90B18F5AD7400224CF5 /* NSManagedObjectContext+MagicalRecord.h */ = {isa = PBXFileReference; fileEncoding = 4; lastKnownFileType = sourcecode.c.h; path = "NSManagedObjectContext+MagicalRecord.h"; sourceTree = "<group>"; };
		609CA90C18F5AD7400224CF5 /* NSManagedObjectContext+MagicalRecord.m */ = {isa = PBXFileReference; fileEncoding = 4; lastKnownFileType = sourcecode.c.objc; path = "NSManagedObjectContext+MagicalRecord.m"; sourceTree = "<group>"; };
		609CA90D18F5AD7400224CF5 /* NSManagedObjectContext+MagicalSaves.h */ = {isa = PBXFileReference; fileEncoding = 4; lastKnownFileType = sourcecode.c.h; path = "NSManagedObjectContext+MagicalSaves.h"; sourceTree = "<group>"; };
		609CA90E18F5AD7400224CF5 /* NSManagedObjectContext+MagicalSaves.m */ = {isa = PBXFileReference; fileEncoding = 4; lastKnownFileType = sourcecode.c.objc; path = "NSManagedObjectContext+MagicalSaves.m"; sourceTree = "<group>"; };
		609CA90F18F5AD7400224CF5 /* NSManagedObjectContext+MagicalThreading.h */ = {isa = PBXFileReference; fileEncoding = 4; lastKnownFileType = sourcecode.c.h; path = "NSManagedObjectContext+MagicalThreading.h"; sourceTree = "<group>"; };
		609CA91018F5AD7400224CF5 /* NSManagedObjectContext+MagicalThreading.m */ = {isa = PBXFileReference; fileEncoding = 4; lastKnownFileType = sourcecode.c.objc; path = "NSManagedObjectContext+MagicalThreading.m"; sourceTree = "<group>"; };
		609CA91118F5AD7400224CF5 /* NSManagedObjectModel+MagicalRecord.h */ = {isa = PBXFileReference; fileEncoding = 4; lastKnownFileType = sourcecode.c.h; path = "NSManagedObjectModel+MagicalRecord.h"; sourceTree = "<group>"; };
		609CA91218F5AD7400224CF5 /* NSManagedObjectModel+MagicalRecord.m */ = {isa = PBXFileReference; fileEncoding = 4; lastKnownFileType = sourcecode.c.objc; path = "NSManagedObjectModel+MagicalRecord.m"; sourceTree = "<group>"; };
		609CA91318F5AD7400224CF5 /* NSPersistentStore+MagicalRecord.h */ = {isa = PBXFileReference; fileEncoding = 4; lastKnownFileType = sourcecode.c.h; path = "NSPersistentStore+MagicalRecord.h"; sourceTree = "<group>"; };
		609CA91418F5AD7400224CF5 /* NSPersistentStore+MagicalRecord.m */ = {isa = PBXFileReference; fileEncoding = 4; lastKnownFileType = sourcecode.c.objc; path = "NSPersistentStore+MagicalRecord.m"; sourceTree = "<group>"; };
		609CA91518F5AD7400224CF5 /* NSPersistentStoreCoordinator+MagicalRecord.h */ = {isa = PBXFileReference; fileEncoding = 4; lastKnownFileType = sourcecode.c.h; path = "NSPersistentStoreCoordinator+MagicalRecord.h"; sourceTree = "<group>"; };
		609CA91618F5AD7400224CF5 /* NSPersistentStoreCoordinator+MagicalRecord.m */ = {isa = PBXFileReference; fileEncoding = 4; lastKnownFileType = sourcecode.c.objc; path = "NSPersistentStoreCoordinator+MagicalRecord.m"; sourceTree = "<group>"; };
		609CA91818F5AD7400224CF5 /* MagicalRecord+Actions.h */ = {isa = PBXFileReference; fileEncoding = 4; lastKnownFileType = sourcecode.c.h; path = "MagicalRecord+Actions.h"; sourceTree = "<group>"; };
		609CA91918F5AD7400224CF5 /* MagicalRecord+Actions.m */ = {isa = PBXFileReference; fileEncoding = 4; lastKnownFileType = sourcecode.c.objc; path = "MagicalRecord+Actions.m"; sourceTree = "<group>"; };
		609CA91A18F5AD7400224CF5 /* MagicalRecord+ErrorHandling.h */ = {isa = PBXFileReference; fileEncoding = 4; lastKnownFileType = sourcecode.c.h; path = "MagicalRecord+ErrorHandling.h"; sourceTree = "<group>"; };
		609CA91B18F5AD7400224CF5 /* MagicalRecord+ErrorHandling.m */ = {isa = PBXFileReference; fileEncoding = 4; lastKnownFileType = sourcecode.c.objc; path = "MagicalRecord+ErrorHandling.m"; sourceTree = "<group>"; };
		609CA91C18F5AD7400224CF5 /* MagicalRecord+iCloud.h */ = {isa = PBXFileReference; fileEncoding = 4; lastKnownFileType = sourcecode.c.h; path = "MagicalRecord+iCloud.h"; sourceTree = "<group>"; };
		609CA91D18F5AD7400224CF5 /* MagicalRecord+iCloud.m */ = {isa = PBXFileReference; fileEncoding = 4; lastKnownFileType = sourcecode.c.objc; path = "MagicalRecord+iCloud.m"; sourceTree = "<group>"; };
		609CA91E18F5AD7400224CF5 /* MagicalRecord+Options.h */ = {isa = PBXFileReference; fileEncoding = 4; lastKnownFileType = sourcecode.c.h; path = "MagicalRecord+Options.h"; sourceTree = "<group>"; };
		609CA91F18F5AD7400224CF5 /* MagicalRecord+Options.m */ = {isa = PBXFileReference; fileEncoding = 4; lastKnownFileType = sourcecode.c.objc; path = "MagicalRecord+Options.m"; sourceTree = "<group>"; };
		609CA92018F5AD7400224CF5 /* MagicalRecord+Setup.h */ = {isa = PBXFileReference; fileEncoding = 4; lastKnownFileType = sourcecode.c.h; path = "MagicalRecord+Setup.h"; sourceTree = "<group>"; };
		609CA92118F5AD7400224CF5 /* MagicalRecord+Setup.m */ = {isa = PBXFileReference; fileEncoding = 4; lastKnownFileType = sourcecode.c.objc; path = "MagicalRecord+Setup.m"; sourceTree = "<group>"; };
		609CA92218F5AD7400224CF5 /* MagicalRecord+ShorthandSupport.h */ = {isa = PBXFileReference; fileEncoding = 4; lastKnownFileType = sourcecode.c.h; path = "MagicalRecord+ShorthandSupport.h"; sourceTree = "<group>"; };
		609CA92318F5AD7400224CF5 /* MagicalRecord+ShorthandSupport.m */ = {isa = PBXFileReference; fileEncoding = 4; lastKnownFileType = sourcecode.c.objc; path = "MagicalRecord+ShorthandSupport.m"; sourceTree = "<group>"; };
		609CA92418F5AD7400224CF5 /* MagicalRecord.h */ = {isa = PBXFileReference; fileEncoding = 4; lastKnownFileType = sourcecode.c.h; path = MagicalRecord.h; sourceTree = "<group>"; };
		609CA92518F5AD7400224CF5 /* MagicalRecord.m */ = {isa = PBXFileReference; fileEncoding = 4; lastKnownFileType = sourcecode.c.objc; path = MagicalRecord.m; sourceTree = "<group>"; };
		609CA92618F5AD7400224CF5 /* MagicalRecordLogging.h */ = {isa = PBXFileReference; fileEncoding = 4; lastKnownFileType = sourcecode.c.h; path = MagicalRecordLogging.h; sourceTree = "<group>"; };
		609CA92718F5AD7400224CF5 /* MagicalRecordShorthand.h */ = {isa = PBXFileReference; fileEncoding = 4; lastKnownFileType = sourcecode.c.h; path = MagicalRecordShorthand.h; sourceTree = "<group>"; };
		609CA92818F5AD7400224CF5 /* CoreData+MagicalRecord.h */ = {isa = PBXFileReference; fileEncoding = 4; lastKnownFileType = sourcecode.c.h; path = "CoreData+MagicalRecord.h"; sourceTree = "<group>"; };
		60E2065518F63D1D00FE8159 /* sample_json.txt */ = {isa = PBXFileReference; fileEncoding = 4; lastKnownFileType = text; path = sample_json.txt; sourceTree = "<group>"; };
		60E2066C18F63DE000FE8159 /* Glossary.h */ = {isa = PBXFileReference; fileEncoding = 4; lastKnownFileType = sourcecode.c.h; path = Glossary.h; sourceTree = "<group>"; };
		60E2066D18F63DE000FE8159 /* Glossary.m */ = {isa = PBXFileReference; fileEncoding = 4; lastKnownFileType = sourcecode.c.objc; path = Glossary.m; sourceTree = "<group>"; };
		60E2066E18F63DE000FE8159 /* GlossDef.h */ = {isa = PBXFileReference; fileEncoding = 4; lastKnownFileType = sourcecode.c.h; path = GlossDef.h; sourceTree = "<group>"; };
		60E2066F18F63DE000FE8159 /* GlossDef.m */ = {isa = PBXFileReference; fileEncoding = 4; lastKnownFileType = sourcecode.c.objc; path = GlossDef.m; sourceTree = "<group>"; };
		60E2067018F63DE000FE8159 /* GlossDiv.h */ = {isa = PBXFileReference; fileEncoding = 4; lastKnownFileType = sourcecode.c.h; path = GlossDiv.h; sourceTree = "<group>"; };
		60E2067118F63DE000FE8159 /* GlossDiv.m */ = {isa = PBXFileReference; fileEncoding = 4; lastKnownFileType = sourcecode.c.objc; path = GlossDiv.m; sourceTree = "<group>"; };
		60E2067218F63DE000FE8159 /* GlossEntry.h */ = {isa = PBXFileReference; fileEncoding = 4; lastKnownFileType = sourcecode.c.h; path = GlossEntry.h; sourceTree = "<group>"; };
		60E2067318F63DE000FE8159 /* GlossEntry.m */ = {isa = PBXFileReference; fileEncoding = 4; lastKnownFileType = sourcecode.c.objc; path = GlossEntry.m; sourceTree = "<group>"; };
		60E2067418F63DE000FE8159 /* GlossList.h */ = {isa = PBXFileReference; fileEncoding = 4; lastKnownFileType = sourcecode.c.h; path = GlossList.h; sourceTree = "<group>"; };
		60E2067518F63DE000FE8159 /* GlossList.m */ = {isa = PBXFileReference; fileEncoding = 4; lastKnownFileType = sourcecode.c.objc; path = GlossList.m; sourceTree = "<group>"; };
		60E2067618F63DE000FE8159 /* ParentObject.h */ = {isa = PBXFileReference; fileEncoding = 4; lastKnownFileType = sourcecode.c.h; path = ParentObject.h; sourceTree = "<group>"; };
		60E2067718F63DE000FE8159 /* ParentObject.m */ = {isa = PBXFileReference; fileEncoding = 4; lastKnownFileType = sourcecode.c.objc; path = ParentObject.m; sourceTree = "<group>"; };
/* End PBXFileReference section */

/* Begin PBXFrameworksBuildPhase section */
		609CA85A18F5A0BA00224CF5 /* Frameworks */ = {
			isa = PBXFrameworksBuildPhase;
			buildActionMask = 2147483647;
			files = (
				609CA8EB18F5AD1D00224CF5 /* CoreData.framework in Frameworks */,
				609CA86318F5A0BA00224CF5 /* CoreGraphics.framework in Frameworks */,
				609CA86518F5A0BA00224CF5 /* UIKit.framework in Frameworks */,
				609CA86118F5A0BA00224CF5 /* Foundation.framework in Frameworks */,
			);
			runOnlyForDeploymentPostprocessing = 0;
		};
		609CA87518F5A0BA00224CF5 /* Frameworks */ = {
			isa = PBXFrameworksBuildPhase;
			buildActionMask = 2147483647;
			files = (
				609CA87A18F5A0BA00224CF5 /* XCTest.framework in Frameworks */,
				609CA87C18F5A0BA00224CF5 /* UIKit.framework in Frameworks */,
				609CA87B18F5A0BA00224CF5 /* Foundation.framework in Frameworks */,
			);
			runOnlyForDeploymentPostprocessing = 0;
		};
/* End PBXFrameworksBuildPhase section */

/* Begin PBXGroup section */
		609CA85418F5A0BA00224CF5 = {
			isa = PBXGroup;
			children = (
				609CA86618F5A0BA00224CF5 /* JSONMapper */,
				609CA87F18F5A0BA00224CF5 /* JSONMapperTests */,
				609CA85F18F5A0BA00224CF5 /* Frameworks */,
				609CA85E18F5A0BA00224CF5 /* Products */,
			);
			sourceTree = "<group>";
		};
		609CA85E18F5A0BA00224CF5 /* Products */ = {
			isa = PBXGroup;
			children = (
				609CA85D18F5A0BA00224CF5 /* JSONMapper.app */,
				609CA87818F5A0BA00224CF5 /* JSONMapperTests.xctest */,
			);
			name = Products;
			sourceTree = "<group>";
		};
		609CA85F18F5A0BA00224CF5 /* Frameworks */ = {
			isa = PBXGroup;
			children = (
				609CA8EA18F5AD1D00224CF5 /* CoreData.framework */,
				609CA86018F5A0BA00224CF5 /* Foundation.framework */,
				609CA86218F5A0BA00224CF5 /* CoreGraphics.framework */,
				609CA86418F5A0BA00224CF5 /* UIKit.framework */,
				609CA87918F5A0BA00224CF5 /* XCTest.framework */,
			);
			name = Frameworks;
			sourceTree = "<group>";
		};
		609CA86618F5A0BA00224CF5 /* JSONMapper */ = {
			isa = PBXGroup;
			children = (
				60E2066A18F63DE000FE8159 /* TestObjects */,
				60E2065518F63D1D00FE8159 /* sample_json.txt */,
				609CA88F18F5A48500224CF5 /* NativeObject */,
				609CA86F18F5A0BA00224CF5 /* AppDelegate.h */,
				609CA87018F5A0BA00224CF5 /* AppDelegate.m */,
				609CA87218F5A0BA00224CF5 /* Images.xcassets */,
				609CA86718F5A0BA00224CF5 /* Supporting Files */,
			);
			path = JSONMapper;
			sourceTree = "<group>";
		};
		609CA86718F5A0BA00224CF5 /* Supporting Files */ = {
			isa = PBXGroup;
			children = (
				609CA86818F5A0BA00224CF5 /* JSONMapper-Info.plist */,
				609CA86918F5A0BA00224CF5 /* InfoPlist.strings */,
				609CA86C18F5A0BA00224CF5 /* main.m */,
				609CA86E18F5A0BA00224CF5 /* JSONMapper-Prefix.pch */,
			);
			name = "Supporting Files";
			sourceTree = "<group>";
		};
		609CA87F18F5A0BA00224CF5 /* JSONMapperTests */ = {
			isa = PBXGroup;
			children = (
				609CA88518F5A0BA00224CF5 /* JSONMapperTests.m */,
				609CA88018F5A0BA00224CF5 /* Supporting Files */,
			);
			path = JSONMapperTests;
			sourceTree = "<group>";
		};
		609CA88018F5A0BA00224CF5 /* Supporting Files */ = {
			isa = PBXGroup;
			children = (
				609CA88118F5A0BA00224CF5 /* JSONMapperTests-Info.plist */,
				609CA88218F5A0BA00224CF5 /* InfoPlist.strings */,
			);
			name = "Supporting Files";
			sourceTree = "<group>";
		};
		609CA88F18F5A48500224CF5 /* NativeObject */ = {
			isa = PBXGroup;
			children = (
				609CA8EC18F5AD7400224CF5 /* MagicalRecord */,
				609CA8E718F5A4BF00224CF5 /* NSObject+KVCSerializer.h */,
				609CA8E818F5A4BF00224CF5 /* NSObject+KVCSerializer.m */,
			);
			name = NativeObject;
			sourceTree = "<group>";
		};
		609CA8EC18F5AD7400224CF5 /* MagicalRecord */ = {
			isa = PBXGroup;
			children = (
				609CA8ED18F5AD7400224CF5 /* Categories */,
				609CA91718F5AD7400224CF5 /* Core */,
				609CA92818F5AD7400224CF5 /* CoreData+MagicalRecord.h */,
			);
			name = MagicalRecord;
			path = ../../NativeObject/MagicalRecord/MagicalRecord;
			sourceTree = "<group>";
		};
		609CA8ED18F5AD7400224CF5 /* Categories */ = {
			isa = PBXGroup;
			children = (
				609CA8EE18F5AD7400224CF5 /* DataImport */,
				609CA8FD18F5AD7400224CF5 /* NSManagedObject */,
				609CA90818F5AD7400224CF5 /* NSManagedObjectContext */,
				609CA91118F5AD7400224CF5 /* NSManagedObjectModel+MagicalRecord.h */,
				609CA91218F5AD7400224CF5 /* NSManagedObjectModel+MagicalRecord.m */,
				609CA91318F5AD7400224CF5 /* NSPersistentStore+MagicalRecord.h */,
				609CA91418F5AD7400224CF5 /* NSPersistentStore+MagicalRecord.m */,
				609CA91518F5AD7400224CF5 /* NSPersistentStoreCoordinator+MagicalRecord.h */,
				609CA91618F5AD7400224CF5 /* NSPersistentStoreCoordinator+MagicalRecord.m */,
			);
			path = Categories;
			sourceTree = "<group>";
		};
		609CA8EE18F5AD7400224CF5 /* DataImport */ = {
			isa = PBXGroup;
			children = (
				609CA8EF18F5AD7400224CF5 /* MagicalImportFunctions.h */,
				609CA8F018F5AD7400224CF5 /* MagicalImportFunctions.m */,
				609CA8F118F5AD7400224CF5 /* NSAttributeDescription+MagicalDataImport.h */,
				609CA8F218F5AD7400224CF5 /* NSAttributeDescription+MagicalDataImport.m */,
				609CA8F318F5AD7400224CF5 /* NSEntityDescription+MagicalDataImport.h */,
				609CA8F418F5AD7400224CF5 /* NSEntityDescription+MagicalDataImport.m */,
				609CA8F518F5AD7400224CF5 /* NSNumber+MagicalDataImport.h */,
				609CA8F618F5AD7400224CF5 /* NSNumber+MagicalDataImport.m */,
				609CA8F718F5AD7400224CF5 /* NSObject+MagicalDataImport.h */,
				609CA8F818F5AD7400224CF5 /* NSObject+MagicalDataImport.m */,
				609CA8F918F5AD7400224CF5 /* NSRelationshipDescription+MagicalDataImport.h */,
				609CA8FA18F5AD7400224CF5 /* NSRelationshipDescription+MagicalDataImport.m */,
				609CA8FB18F5AD7400224CF5 /* NSString+MagicalDataImport.h */,
				609CA8FC18F5AD7400224CF5 /* NSString+MagicalDataImport.m */,
			);
			path = DataImport;
			sourceTree = "<group>";
		};
		609CA8FD18F5AD7400224CF5 /* NSManagedObject */ = {
			isa = PBXGroup;
			children = (
				609CA8FE18F5AD7400224CF5 /* NSManagedObject+MagicalAggregation.h */,
				609CA8FF18F5AD7400224CF5 /* NSManagedObject+MagicalAggregation.m */,
				609CA90018F5AD7400224CF5 /* NSManagedObject+MagicalDataImport.h */,
				609CA90118F5AD7400224CF5 /* NSManagedObject+MagicalDataImport.m */,
				609CA90218F5AD7400224CF5 /* NSManagedObject+MagicalFinders.h */,
				609CA90318F5AD7400224CF5 /* NSManagedObject+MagicalFinders.m */,
				609CA90418F5AD7400224CF5 /* NSManagedObject+MagicalRecord.h */,
				609CA90518F5AD7400224CF5 /* NSManagedObject+MagicalRecord.m */,
				609CA90618F5AD7400224CF5 /* NSManagedObject+MagicalRequests.h */,
				609CA90718F5AD7400224CF5 /* NSManagedObject+MagicalRequests.m */,
			);
			path = NSManagedObject;
			sourceTree = "<group>";
		};
		609CA90818F5AD7400224CF5 /* NSManagedObjectContext */ = {
			isa = PBXGroup;
			children = (
				609CA90918F5AD7400224CF5 /* NSManagedObjectContext+MagicalObserving.h */,
				609CA90A18F5AD7400224CF5 /* NSManagedObjectContext+MagicalObserving.m */,
				609CA90B18F5AD7400224CF5 /* NSManagedObjectContext+MagicalRecord.h */,
				609CA90C18F5AD7400224CF5 /* NSManagedObjectContext+MagicalRecord.m */,
				609CA90D18F5AD7400224CF5 /* NSManagedObjectContext+MagicalSaves.h */,
				609CA90E18F5AD7400224CF5 /* NSManagedObjectContext+MagicalSaves.m */,
				609CA90F18F5AD7400224CF5 /* NSManagedObjectContext+MagicalThreading.h */,
				609CA91018F5AD7400224CF5 /* NSManagedObjectContext+MagicalThreading.m */,
			);
			path = NSManagedObjectContext;
			sourceTree = "<group>";
		};
		609CA91718F5AD7400224CF5 /* Core */ = {
			isa = PBXGroup;
			children = (
				609CA91818F5AD7400224CF5 /* MagicalRecord+Actions.h */,
				609CA91918F5AD7400224CF5 /* MagicalRecord+Actions.m */,
				609CA91A18F5AD7400224CF5 /* MagicalRecord+ErrorHandling.h */,
				609CA91B18F5AD7400224CF5 /* MagicalRecord+ErrorHandling.m */,
				609CA91C18F5AD7400224CF5 /* MagicalRecord+iCloud.h */,
				609CA91D18F5AD7400224CF5 /* MagicalRecord+iCloud.m */,
				609CA91E18F5AD7400224CF5 /* MagicalRecord+Options.h */,
				609CA91F18F5AD7400224CF5 /* MagicalRecord+Options.m */,
				609CA92018F5AD7400224CF5 /* MagicalRecord+Setup.h */,
				609CA92118F5AD7400224CF5 /* MagicalRecord+Setup.m */,
				609CA92218F5AD7400224CF5 /* MagicalRecord+ShorthandSupport.h */,
				609CA92318F5AD7400224CF5 /* MagicalRecord+ShorthandSupport.m */,
				609CA92418F5AD7400224CF5 /* MagicalRecord.h */,
				609CA92518F5AD7400224CF5 /* MagicalRecord.m */,
				609CA92618F5AD7400224CF5 /* MagicalRecordLogging.h */,
				609CA92718F5AD7400224CF5 /* MagicalRecordShorthand.h */,
			);
			path = Core;
			sourceTree = "<group>";
		};
		60E2066A18F63DE000FE8159 /* TestObjects */ = {
			isa = PBXGroup;
			children = (
				60E2066B18F63DE000FE8159 /* Glossary */,
			);
			path = TestObjects;
			sourceTree = "<group>";
		};
		60E2066B18F63DE000FE8159 /* Glossary */ = {
			isa = PBXGroup;
			children = (
				60E2066C18F63DE000FE8159 /* Glossary.h */,
				60E2066D18F63DE000FE8159 /* Glossary.m */,
				60E2066E18F63DE000FE8159 /* GlossDef.h */,
				60E2066F18F63DE000FE8159 /* GlossDef.m */,
				60E2067018F63DE000FE8159 /* GlossDiv.h */,
				60E2067118F63DE000FE8159 /* GlossDiv.m */,
				60E2067218F63DE000FE8159 /* GlossEntry.h */,
				60E2067318F63DE000FE8159 /* GlossEntry.m */,
				60E2067418F63DE000FE8159 /* GlossList.h */,
				60E2067518F63DE000FE8159 /* GlossList.m */,
				60E2067618F63DE000FE8159 /* ParentObject.h */,
				60E2067718F63DE000FE8159 /* ParentObject.m */,
			);
			path = Glossary;
			sourceTree = "<group>";
		};
/* End PBXGroup section */

/* Begin PBXNativeTarget section */
		609CA85C18F5A0BA00224CF5 /* JSONMapper */ = {
			isa = PBXNativeTarget;
			buildConfigurationList = 609CA88918F5A0BA00224CF5 /* Build configuration list for PBXNativeTarget "JSONMapper" */;
			buildPhases = (
				609CA85918F5A0BA00224CF5 /* Sources */,
				609CA85A18F5A0BA00224CF5 /* Frameworks */,
				609CA85B18F5A0BA00224CF5 /* Resources */,
			);
			buildRules = (
			);
			dependencies = (
			);
			name = JSONMapper;
			productName = JSONMapper;
			productReference = 609CA85D18F5A0BA00224CF5 /* JSONMapper.app */;
			productType = "com.apple.product-type.application";
		};
		609CA87718F5A0BA00224CF5 /* JSONMapperTests */ = {
			isa = PBXNativeTarget;
			buildConfigurationList = 609CA88C18F5A0BA00224CF5 /* Build configuration list for PBXNativeTarget "JSONMapperTests" */;
			buildPhases = (
				609CA87418F5A0BA00224CF5 /* Sources */,
				609CA87518F5A0BA00224CF5 /* Frameworks */,
				609CA87618F5A0BA00224CF5 /* Resources */,
			);
			buildRules = (
			);
			dependencies = (
				609CA87E18F5A0BA00224CF5 /* PBXTargetDependency */,
			);
			name = JSONMapperTests;
			productName = JSONMapperTests;
			productReference = 609CA87818F5A0BA00224CF5 /* JSONMapperTests.xctest */;
			productType = "com.apple.product-type.bundle.unit-test";
		};
/* End PBXNativeTarget section */

/* Begin PBXProject section */
		609CA85518F5A0BA00224CF5 /* Project object */ = {
			isa = PBXProject;
			attributes = {
				LastUpgradeCheck = 0510;
				ORGANIZATIONNAME = "Mahadevan Sreenivasan";
				TargetAttributes = {
					609CA87718F5A0BA00224CF5 = {
						TestTargetID = 609CA85C18F5A0BA00224CF5;
					};
				};
			};
			buildConfigurationList = 609CA85818F5A0BA00224CF5 /* Build configuration list for PBXProject "JSONMapper" */;
			compatibilityVersion = "Xcode 3.2";
			developmentRegion = English;
			hasScannedForEncodings = 0;
			knownRegions = (
				en,
			);
			mainGroup = 609CA85418F5A0BA00224CF5;
			productRefGroup = 609CA85E18F5A0BA00224CF5 /* Products */;
			projectDirPath = "";
			projectRoot = "";
			targets = (
				609CA85C18F5A0BA00224CF5 /* JSONMapper */,
				609CA87718F5A0BA00224CF5 /* JSONMapperTests */,
			);
		};
/* End PBXProject section */

/* Begin PBXResourcesBuildPhase section */
		609CA85B18F5A0BA00224CF5 /* Resources */ = {
			isa = PBXResourcesBuildPhase;
			buildActionMask = 2147483647;
			files = (
				609CA86B18F5A0BA00224CF5 /* InfoPlist.strings in Resources */,
				60E2066318F63D1D00FE8159 /* sample_json.txt in Resources */,
				609CA87318F5A0BA00224CF5 /* Images.xcassets in Resources */,
			);
			runOnlyForDeploymentPostprocessing = 0;
		};
		609CA87618F5A0BA00224CF5 /* Resources */ = {
			isa = PBXResourcesBuildPhase;
			buildActionMask = 2147483647;
			files = (
				609CA88418F5A0BA00224CF5 /* InfoPlist.strings in Resources */,
			);
			runOnlyForDeploymentPostprocessing = 0;
		};
/* End PBXResourcesBuildPhase section */

/* Begin PBXSourcesBuildPhase section */
		609CA85918F5A0BA00224CF5 /* Sources */ = {
			isa = PBXSourcesBuildPhase;
			buildActionMask = 2147483647;
			files = (
				609CA87118F5A0BA00224CF5 /* AppDelegate.m in Sources */,
				609CA93418F5AD7400224CF5 /* NSManagedObject+MagicalRequests.m in Sources */,
				609CA93C18F5AD7400224CF5 /* MagicalRecord+Actions.m in Sources */,
				609CA93B18F5AD7400224CF5 /* NSPersistentStoreCoordinator+MagicalRecord.m in Sources */,
				60E2067D18F63DE000FE8159 /* ParentObject.m in Sources */,
				609CA92918F5AD7400224CF5 /* MagicalImportFunctions.m in Sources */,
				609CA92A18F5AD7400224CF5 /* NSAttributeDescription+MagicalDataImport.m in Sources */,
				609CA93E18F5AD7400224CF5 /* MagicalRecord+iCloud.m in Sources */,
				609CA93618F5AD7400224CF5 /* NSManagedObjectContext+MagicalRecord.m in Sources */,
				609CA93918F5AD7400224CF5 /* NSManagedObjectModel+MagicalRecord.m in Sources */,
				609CA86D18F5A0BA00224CF5 /* main.m in Sources */,
				609CA94118F5AD7400224CF5 /* MagicalRecord+ShorthandSupport.m in Sources */,
				609CA93218F5AD7400224CF5 /* NSManagedObject+MagicalFinders.m in Sources */,
				609CA93518F5AD7400224CF5 /* NSManagedObjectContext+MagicalObserving.m in Sources */,
				609CA93318F5AD7400224CF5 /* NSManagedObject+MagicalRecord.m in Sources */,
				60E2067C18F63DE000FE8159 /* GlossList.m in Sources */,
				609CA93718F5AD7400224CF5 /* NSManagedObjectContext+MagicalSaves.m in Sources */,
				60E2067B18F63DE000FE8159 /* GlossEntry.m in Sources */,
				609CA93A18F5AD7400224CF5 /* NSPersistentStore+MagicalRecord.m in Sources */,
				60E2067A18F63DE000FE8159 /* GlossDiv.m in Sources */,
				609CA94018F5AD7400224CF5 /* MagicalRecord+Setup.m in Sources */,
				609CA92B18F5AD7400224CF5 /* NSEntityDescription+MagicalDataImport.m in Sources */,
				609CA92F18F5AD7400224CF5 /* NSString+MagicalDataImport.m in Sources */,
				609CA92D18F5AD7400224CF5 /* NSObject+MagicalDataImport.m in Sources */,
				609CA93F18F5AD7400224CF5 /* MagicalRecord+Options.m in Sources */,
				60E2067818F63DE000FE8159 /* Glossary.m in Sources */,
				609CA92E18F5AD7400224CF5 /* NSRelationshipDescription+MagicalDataImport.m in Sources */,
				609CA93018F5AD7400224CF5 /* NSManagedObject+MagicalAggregation.m in Sources */,
				609CA93818F5AD7400224CF5 /* NSManagedObjectContext+MagicalThreading.m in Sources */,
				609CA93118F5AD7400224CF5 /* NSManagedObject+MagicalDataImport.m in Sources */,
				609CA92C18F5AD7400224CF5 /* NSNumber+MagicalDataImport.m in Sources */,
				609CA94218F5AD7400224CF5 /* MagicalRecord.m in Sources */,
				609CA8E918F5A4BF00224CF5 /* NSObject+KVCSerializer.m in Sources */,
				60E2067918F63DE000FE8159 /* GlossDef.m in Sources */,
				609CA93D18F5AD7400224CF5 /* MagicalRecord+ErrorHandling.m in Sources */,
			);
			runOnlyForDeploymentPostprocessing = 0;
		};
		609CA87418F5A0BA00224CF5 /* Sources */ = {
			isa = PBXSourcesBuildPhase;
			buildActionMask = 2147483647;
			files = (
				609CA88618F5A0BA00224CF5 /* JSONMapperTests.m in Sources */,
			);
			runOnlyForDeploymentPostprocessing = 0;
		};
/* End PBXSourcesBuildPhase section */

/* Begin PBXTargetDependency section */
		609CA87E18F5A0BA00224CF5 /* PBXTargetDependency */ = {
			isa = PBXTargetDependency;
			target = 609CA85C18F5A0BA00224CF5 /* JSONMapper */;
			targetProxy = 609CA87D18F5A0BA00224CF5 /* PBXContainerItemProxy */;
		};
/* End PBXTargetDependency section */

/* Begin PBXVariantGroup section */
		609CA86918F5A0BA00224CF5 /* InfoPlist.strings */ = {
			isa = PBXVariantGroup;
			children = (
				609CA86A18F5A0BA00224CF5 /* en */,
			);
			name = InfoPlist.strings;
			sourceTree = "<group>";
		};
		609CA88218F5A0BA00224CF5 /* InfoPlist.strings */ = {
			isa = PBXVariantGroup;
			children = (
				609CA88318F5A0BA00224CF5 /* en */,
			);
			name = InfoPlist.strings;
			sourceTree = "<group>";
		};
/* End PBXVariantGroup section */

/* Begin XCBuildConfiguration section */
		609CA88718F5A0BA00224CF5 /* Debug */ = {
			isa = XCBuildConfiguration;
			buildSettings = {
				ALWAYS_SEARCH_USER_PATHS = NO;
				CLANG_CXX_LANGUAGE_STANDARD = "gnu++0x";
				CLANG_CXX_LIBRARY = "libc++";
				CLANG_ENABLE_MODULES = YES;
				CLANG_ENABLE_OBJC_ARC = YES;
				CLANG_WARN_BOOL_CONVERSION = YES;
				CLANG_WARN_CONSTANT_CONVERSION = YES;
				CLANG_WARN_DIRECT_OBJC_ISA_USAGE = YES_ERROR;
				CLANG_WARN_EMPTY_BODY = YES;
				CLANG_WARN_ENUM_CONVERSION = YES;
				CLANG_WARN_INT_CONVERSION = YES;
				CLANG_WARN_OBJC_ROOT_CLASS = YES_ERROR;
				CLANG_WARN__DUPLICATE_METHOD_MATCH = YES;
				"CODE_SIGN_IDENTITY[sdk=iphoneos*]" = "iPhone Developer";
				COPY_PHASE_STRIP = NO;
				GCC_C_LANGUAGE_STANDARD = gnu99;
				GCC_DYNAMIC_NO_PIC = NO;
				GCC_OPTIMIZATION_LEVEL = 0;
				GCC_PREPROCESSOR_DEFINITIONS = (
					"DEBUG=1",
					"$(inherited)",
				);
				GCC_SYMBOLS_PRIVATE_EXTERN = NO;
				GCC_WARN_64_TO_32_BIT_CONVERSION = YES;
				GCC_WARN_ABOUT_RETURN_TYPE = YES_ERROR;
				GCC_WARN_UNDECLARED_SELECTOR = YES;
				GCC_WARN_UNINITIALIZED_AUTOS = YES_AGGRESSIVE;
				GCC_WARN_UNUSED_FUNCTION = YES;
				GCC_WARN_UNUSED_VARIABLE = YES;
				IPHONEOS_DEPLOYMENT_TARGET = 7.1;
				ONLY_ACTIVE_ARCH = YES;
				SDKROOT = iphoneos;
			};
			name = Debug;
		};
		609CA88818F5A0BA00224CF5 /* Release */ = {
			isa = XCBuildConfiguration;
			buildSettings = {
				ALWAYS_SEARCH_USER_PATHS = NO;
				CLANG_CXX_LANGUAGE_STANDARD = "gnu++0x";
				CLANG_CXX_LIBRARY = "libc++";
				CLANG_ENABLE_MODULES = YES;
				CLANG_ENABLE_OBJC_ARC = YES;
				CLANG_WARN_BOOL_CONVERSION = YES;
				CLANG_WARN_CONSTANT_CONVERSION = YES;
				CLANG_WARN_DIRECT_OBJC_ISA_USAGE = YES_ERROR;
				CLANG_WARN_EMPTY_BODY = YES;
				CLANG_WARN_ENUM_CONVERSION = YES;
				CLANG_WARN_INT_CONVERSION = YES;
				CLANG_WARN_OBJC_ROOT_CLASS = YES_ERROR;
				CLANG_WARN__DUPLICATE_METHOD_MATCH = YES;
				"CODE_SIGN_IDENTITY[sdk=iphoneos*]" = "iPhone Developer";
				COPY_PHASE_STRIP = YES;
				ENABLE_NS_ASSERTIONS = NO;
				GCC_C_LANGUAGE_STANDARD = gnu99;
				GCC_WARN_64_TO_32_BIT_CONVERSION = YES;
				GCC_WARN_ABOUT_RETURN_TYPE = YES_ERROR;
				GCC_WARN_UNDECLARED_SELECTOR = YES;
				GCC_WARN_UNINITIALIZED_AUTOS = YES_AGGRESSIVE;
				GCC_WARN_UNUSED_FUNCTION = YES;
				GCC_WARN_UNUSED_VARIABLE = YES;
				IPHONEOS_DEPLOYMENT_TARGET = 7.1;
				SDKROOT = iphoneos;
				VALIDATE_PRODUCT = YES;
			};
			name = Release;
		};
		609CA88A18F5A0BA00224CF5 /* Debug */ = {
			isa = XCBuildConfiguration;
			buildSettings = {
				ASSETCATALOG_COMPILER_APPICON_NAME = AppIcon;
				ASSETCATALOG_COMPILER_LAUNCHIMAGE_NAME = LaunchImage;
				GCC_PRECOMPILE_PREFIX_HEADER = YES;
				GCC_PREFIX_HEADER = "JSONMapper/JSONMapper-Prefix.pch";
				INFOPLIST_FILE = "JSONMapper/JSONMapper-Info.plist";
				PRODUCT_NAME = "$(TARGET_NAME)";
				WRAPPER_EXTENSION = app;
			};
			name = Debug;
		};
		609CA88B18F5A0BA00224CF5 /* Release */ = {
			isa = XCBuildConfiguration;
			buildSettings = {
				ASSETCATALOG_COMPILER_APPICON_NAME = AppIcon;
				ASSETCATALOG_COMPILER_LAUNCHIMAGE_NAME = LaunchImage;
				GCC_PRECOMPILE_PREFIX_HEADER = YES;
				GCC_PREFIX_HEADER = "JSONMapper/JSONMapper-Prefix.pch";
				INFOPLIST_FILE = "JSONMapper/JSONMapper-Info.plist";
				PRODUCT_NAME = "$(TARGET_NAME)";
				WRAPPER_EXTENSION = app;
			};
			name = Release;
		};
		609CA88D18F5A0BA00224CF5 /* Debug */ = {
			isa = XCBuildConfiguration;
			buildSettings = {
				BUNDLE_LOADER = "$(BUILT_PRODUCTS_DIR)/JSONMapper.app/JSONMapper";
				FRAMEWORK_SEARCH_PATHS = (
					"$(SDKROOT)/Developer/Library/Frameworks",
					"$(inherited)",
					"$(DEVELOPER_FRAMEWORKS_DIR)",
				);
				GCC_PRECOMPILE_PREFIX_HEADER = YES;
				GCC_PREFIX_HEADER = "JSONMapper/JSONMapper-Prefix.pch";
				GCC_PREPROCESSOR_DEFINITIONS = (
					"DEBUG=1",
					"$(inherited)",
				);
				INFOPLIST_FILE = "JSONMapperTests/JSONMapperTests-Info.plist";
				PRODUCT_NAME = "$(TARGET_NAME)";
				TEST_HOST = "$(BUNDLE_LOADER)";
				WRAPPER_EXTENSION = xctest;
			};
			name = Debug;
		};
		609CA88E18F5A0BA00224CF5 /* Release */ = {
			isa = XCBuildConfiguration;
			buildSettings = {
				BUNDLE_LOADER = "$(BUILT_PRODUCTS_DIR)/JSONMapper.app/JSONMapper";
				FRAMEWORK_SEARCH_PATHS = (
					"$(SDKROOT)/Developer/Library/Frameworks",
					"$(inherited)",
					"$(DEVELOPER_FRAMEWORKS_DIR)",
				);
				GCC_PRECOMPILE_PREFIX_HEADER = YES;
				GCC_PREFIX_HEADER = "JSONMapper/JSONMapper-Prefix.pch";
				INFOPLIST_FILE = "JSONMapperTests/JSONMapperTests-Info.plist";
				PRODUCT_NAME = "$(TARGET_NAME)";
				TEST_HOST = "$(BUNDLE_LOADER)";
				WRAPPER_EXTENSION = xctest;
			};
			name = Release;
		};
/* End XCBuildConfiguration section */

/* Begin XCConfigurationList section */
		609CA85818F5A0BA00224CF5 /* Build configuration list for PBXProject "JSONMapper" */ = {
			isa = XCConfigurationList;
			buildConfigurations = (
				609CA88718F5A0BA00224CF5 /* Debug */,
				609CA88818F5A0BA00224CF5 /* Release */,
			);
			defaultConfigurationIsVisible = 0;
			defaultConfigurationName = Release;
		};
		609CA88918F5A0BA00224CF5 /* Build configuration list for PBXNativeTarget "JSONMapper" */ = {
			isa = XCConfigurationList;
			buildConfigurations = (
				609CA88A18F5A0BA00224CF5 /* Debug */,
				609CA88B18F5A0BA00224CF5 /* Release */,
			);
			defaultConfigurationIsVisible = 0;
			defaultConfigurationName = Release;
		};
		609CA88C18F5A0BA00224CF5 /* Build configuration list for PBXNativeTarget "JSONMapperTests" */ = {
			isa = XCConfigurationList;
			buildConfigurations = (
				609CA88D18F5A0BA00224CF5 /* Debug */,
				609CA88E18F5A0BA00224CF5 /* Release */,
			);
			defaultConfigurationIsVisible = 0;
			defaultConfigurationName = Release;
		};
/* End XCConfigurationList section */
	};
	rootObject = 609CA85518F5A0BA00224CF5 /* Project object */;
}
